{
  "version": 1,
  "dependencies": {
    "net8.0": {
      "Microsoft.DotNet.ILCompiler": {
        "type": "Direct",
        "requested": "[8.0.2, )",
        "resolved": "8.0.2",
        "contentHash": "rGE3+673xn1iZJCoMIuUb9lhqje4DiCB+qTyPAJ97Bw15c4N69ZbMAO/GJyxchaoLJCHIPXP52hwxEzqrllwCg=="
      },
      "Microsoft.NET.ILLink.Tasks": {
        "type": "Direct",
        "requested": "[8.0.2, )",
        "resolved": "8.0.2",
        "contentHash": "hKTrehpfVzOhAz0mreaTAZgbz0DrMEbWq4n3hAo8Ks6WdxdqQhNPvzOqn9VygKuWf1bmxPdraqzTaXriO/sn0A=="
      }
    },
    "net8.0/linux-x64": {
      "Microsoft.DotNet.ILCompiler": {
        "type": "Direct",
        "requested": "[8.0.2, )",
        "resolved": "8.0.2",
        "contentHash": "rGE3+673xn1iZJCoMIuUb9lhqje4DiCB+qTyPAJ97Bw15c4N69ZbMAO/GJyxchaoLJCHIPXP52hwxEzqrllwCg==",
        "dependencies": {
          "runtime.linux-x64.Microsoft.DotNet.ILCompiler": "8.0.2"
        }
      },
      "runtime.linux-x64.Microsoft.DotNet.ILCompiler": {
        "type": "Transitive",
        "resolved": "8.0.2",
        "contentHash": "KYxE8zFBZp98x73Hn3kTfvHUL3PkzkfZLxFf4oFqwBdeMQl5fitAt44ivDWf/4LQ2eiTcV9+60rhygw/r6oE+w=="
      }
    },
    "net8.0/win-x64": {
      "Microsoft.DotNet.ILCompiler": {
        "type": "Direct",
        "requested": "[8.0.2, )",
        "resolved": "8.0.2",
        "contentHash": "rGE3+673xn1iZJCoMIuUb9lhqje4DiCB+qTyPAJ97Bw15c4N69ZbMAO/GJyxchaoLJCHIPXP52hwxEzqrllwCg==",
        "dependencies": {
          "runtime.win-x64.Microsoft.DotNet.ILCompiler": "8.0.2"
        }
      },
      "runtime.win-x64.Microsoft.DotNet.ILCompiler": {
        "type": "Transitive",
        "resolved": "8.0.2",
        "contentHash": "qPn08sh4b0nT1dz7LVI1NKH2Q4/wyjUtIh4CZrxoWbLdIKxtq791PQV3Y4Y4kGUjfptYHVddLv4LHbfNOrrm7Q=="
      }
    }
  }
}