{
  "version": 1,
  "dependencies": {
    "net8.0": {
      "Microsoft.DotNet.ILCompiler": {
        "type": "Direct",
        "requested": "[8.0.1, )",
        "resolved": "8.0.1",
        "contentHash": "vEmBtYRsH2gpnUJ9p7ElgB2UZSx5+CF2nHVr2QJ/3kzlfAYBxqXMx3VmQcxOcrsDEuF4/n1VH95qobrj8xnPdw=="
      },
      "Microsoft.NET.ILLink.Tasks": {
        "type": "Direct",
        "requested": "[8.0.1, )",
        "resolved": "8.0.1",
        "contentHash": "ADdJXuKNjwZDfBmybMnpvwd5CK3gp92WkWqqeQhW4W+q4MO3Qaa9QyW2DcFLAvCDMcCWxT5hRXqGdv13oon7nA=="
      }
    },
    "net8.0/linux-x64": {
      "Microsoft.DotNet.ILCompiler": {
        "type": "Direct",
        "requested": "[8.0.1, )",
        "resolved": "8.0.1",
        "contentHash": "vEmBtYRsH2gpnUJ9p7ElgB2UZSx5+CF2nHVr2QJ/3kzlfAYBxqXMx3VmQcxOcrsDEuF4/n1VH95qobrj8xnPdw==",
        "dependencies": {
          "runtime.linux-x64.Microsoft.DotNet.ILCompiler": "8.0.1"
        }
      },
      "runtime.linux-x64.Microsoft.DotNet.ILCompiler": {
        "type": "Transitive",
        "resolved": "8.0.1",
        "contentHash": "YlQvT0vctfkimfu61ZVdtqxDklkgg/tnMCBEkZIvsCMv/tf1T1+mG/IvQmw+HwYGoxAf6WS0vOwNB8dU3IiSdg=="
      }
    },
    "net8.0/win-x64": {
      "Microsoft.DotNet.ILCompiler": {
        "type": "Direct",
        "requested": "[8.0.1, )",
        "resolved": "8.0.1",
        "contentHash": "vEmBtYRsH2gpnUJ9p7ElgB2UZSx5+CF2nHVr2QJ/3kzlfAYBxqXMx3VmQcxOcrsDEuF4/n1VH95qobrj8xnPdw==",
        "dependencies": {
          "runtime.win-x64.Microsoft.DotNet.ILCompiler": "8.0.1"
        }
      },
      "runtime.win-x64.Microsoft.DotNet.ILCompiler": {
        "type": "Transitive",
        "resolved": "8.0.1",
        "contentHash": "fbzrL7nAZG3OwTcVPUMByDJmlhcekqSjSFPVTs4/4aolumt/1rRUuqWpQAi1UBhUAWu6VqPlmeql65ANl5kk6A=="
      }
    }
  }
}