{
  "version": 1,
  "dependencies": {
    "net8.0": {
      "Microsoft.DotNet.ILCompiler": {
        "type": "Direct",
        "requested": "[8.0.3, )",
        "resolved": "8.0.3",
        "contentHash": "LGNORlVTRa2FDy3OcP3Xu1ZSJW4tz2ATO3WrHUwHg7kxbR9HChezgJ51CwZJQt8+Yp6acp32FDC/FTPdFDOumQ=="
      },
      "Microsoft.NET.ILLink.Tasks": {
        "type": "Direct",
        "requested": "[8.0.3, )",
        "resolved": "8.0.3",
        "contentHash": "0kwNg0LBIvVTx9A2mo9Mnw4wLGtaeQgjSz5P13bOOwdWPPLe9HzI+XTkwiMhS7iQCM6X4LAbFR76xScaMw0MrA=="
      }
    },
    "net8.0/linux-x64": {
      "Microsoft.DotNet.ILCompiler": {
        "type": "Direct",
        "requested": "[8.0.3, )",
        "resolved": "8.0.3",
        "contentHash": "LGNORlVTRa2FDy3OcP3Xu1ZSJW4tz2ATO3WrHUwHg7kxbR9HChezgJ51CwZJQt8+Yp6acp32FDC/FTPdFDOumQ==",
        "dependencies": {
          "runtime.linux-x64.Microsoft.DotNet.ILCompiler": "8.0.3"
        }
      },
      "runtime.linux-x64.Microsoft.DotNet.ILCompiler": {
        "type": "Transitive",
        "resolved": "8.0.3",
        "contentHash": "Um4sGSNQBAwNZJJoOJkiC3H7En9qK//KFRsT65ShewvfbYLlOsOiYHlVtEKp5t7SZIOs91iSLG99rzmajxPypg=="
      }
    },
    "net8.0/win-x64": {
      "Microsoft.DotNet.ILCompiler": {
        "type": "Direct",
        "requested": "[8.0.3, )",
        "resolved": "8.0.3",
        "contentHash": "LGNORlVTRa2FDy3OcP3Xu1ZSJW4tz2ATO3WrHUwHg7kxbR9HChezgJ51CwZJQt8+Yp6acp32FDC/FTPdFDOumQ==",
        "dependencies": {
          "runtime.win-x64.Microsoft.DotNet.ILCompiler": "8.0.3"
        }
      },
      "runtime.win-x64.Microsoft.DotNet.ILCompiler": {
        "type": "Transitive",
        "resolved": "8.0.3",
        "contentHash": "4PEzDEW7z2OqF+wc/jHL0loPiZRj1gHeu+fNGvatZLFxfwMf7tX1YagoPXDUMvOfMzUh51KVU93BMs/SmMGgsQ=="
      }
    }
  }
}